// !$*UTF8*$!
{
	archiveVersion = 1;
	classes = {
	};
	objectVersion = 46;
	objects = {

/* Begin PBXBuildFile section */
		F85C721F187C330700052B67 /* Foundation.framework in Frameworks */ = {isa = PBXBuildFile; fileRef = F85C721E187C330700052B67 /* Foundation.framework */; };
		F85C7221187C330700052B67 /* CoreGraphics.framework in Frameworks */ = {isa = PBXBuildFile; fileRef = F85C7220187C330700052B67 /* CoreGraphics.framework */; };
		F85C7223187C330700052B67 /* UIKit.framework in Frameworks */ = {isa = PBXBuildFile; fileRef = F85C7222187C330700052B67 /* UIKit.framework */; };
		F85C7229187C330700052B67 /* InfoPlist.strings in Resources */ = {isa = PBXBuildFile; fileRef = F85C7227187C330700052B67 /* InfoPlist.strings */; };
		F85C722B187C330700052B67 /* main.m in Sources */ = {isa = PBXBuildFile; fileRef = F85C722A187C330700052B67 /* main.m */; };
		F85C722F187C330700052B67 /* AppDelegate.m in Sources */ = {isa = PBXBuildFile; fileRef = F85C722E187C330700052B67 /* AppDelegate.m */; };
		F85C7232187C330700052B67 /* Main.storyboard in Resources */ = {isa = PBXBuildFile; fileRef = F85C7230187C330700052B67 /* Main.storyboard */; };
		F85C7235187C330700052B67 /* ViewController.m in Sources */ = {isa = PBXBuildFile; fileRef = F85C7234187C330700052B67 /* ViewController.m */; };
		F85C7237187C330700052B67 /* Images.xcassets in Resources */ = {isa = PBXBuildFile; fileRef = F85C7236187C330700052B67 /* Images.xcassets */; };
		F85C723E187C330700052B67 /* XCTest.framework in Frameworks */ = {isa = PBXBuildFile; fileRef = F85C723D187C330700052B67 /* XCTest.framework */; };
		F85C723F187C330700052B67 /* Foundation.framework in Frameworks */ = {isa = PBXBuildFile; fileRef = F85C721E187C330700052B67 /* Foundation.framework */; };
		F85C7240187C330700052B67 /* UIKit.framework in Frameworks */ = {isa = PBXBuildFile; fileRef = F85C7222187C330700052B67 /* UIKit.framework */; };
		F85C7248187C330700052B67 /* InfoPlist.strings in Resources */ = {isa = PBXBuildFile; fileRef = F85C7246187C330700052B67 /* InfoPlist.strings */; };
		F85C724A187C330700052B67 /* SlotMachineTests.m in Sources */ = {isa = PBXBuildFile; fileRef = F85C7249187C330700052B67 /* SlotMachineTests.m */; };
/* End PBXBuildFile section */

/* Begin PBXContainerItemProxy section */
		F85C7241187C330700052B67 /* PBXContainerItemProxy */ = {
			isa = PBXContainerItemProxy;
			containerPortal = F85C7213187C330700052B67 /* Project object */;
			proxyType = 1;
			remoteGlobalIDString = F85C721A187C330700052B67;
			remoteInfo = SlotMachine;
		};
/* End PBXContainerItemProxy section */

/* Begin PBXFileReference section */
		F85C721B187C330700052B67 /* SlotMachine.app */ = {isa = PBXFileReference; explicitFileType = wrapper.application; includeInIndex = 0; path = SlotMachine.app; sourceTree = BUILT_PRODUCTS_DIR; };
		F85C721E187C330700052B67 /* Foundation.framework */ = {isa = PBXFileReference; lastKnownFileType = wrapper.framework; name = Foundation.framework; path = System/Library/Frameworks/Foundation.framework; sourceTree = SDKROOT; };
		F85C7220187C330700052B67 /* CoreGraphics.framework */ = {isa = PBXFileReference; lastKnownFileType = wrapper.framework; name = CoreGraphics.framework; path = System/Library/Frameworks/CoreGraphics.framework; sourceTree = SDKROOT; };
		F85C7222187C330700052B67 /* UIKit.framework */ = {isa = PBXFileReference; lastKnownFileType = wrapper.framework; name = UIKit.framework; path = System/Library/Frameworks/UIKit.framework; sourceTree = SDKROOT; };
		F85C7226187C330700052B67 /* SlotMachine-Info.plist */ = {isa = PBXFileReference; lastKnownFileType = text.plist.xml; path = "SlotMachine-Info.plist"; sourceTree = "<group>"; };
		F85C7228187C330700052B67 /* en */ = {isa = PBXFileReference; lastKnownFileType = text.plist.strings; name = en; path = en.lproj/InfoPlist.strings; sourceTree = "<group>"; };
		F85C722A187C330700052B67 /* main.m */ = {isa = PBXFileReference; lastKnownFileType = sourcecode.c.objc; path = main.m; sourceTree = "<group>"; };
		F85C722C187C330700052B67 /* SlotMachine-Prefix.pch */ = {isa = PBXFileReference; lastKnownFileType = sourcecode.c.h; path = "SlotMachine-Prefix.pch"; sourceTree = "<group>"; };
		F85C722D187C330700052B67 /* AppDelegate.h */ = {isa = PBXFileReference; lastKnownFileType = sourcecode.c.h; path = AppDelegate.h; sourceTree = "<group>"; };
		F85C722E187C330700052B67 /* AppDelegate.m */ = {isa = PBXFileReference; lastKnownFileType = sourcecode.c.objc; path = AppDelegate.m; sourceTree = "<group>"; };
		F85C7231187C330700052B67 /* Base */ = {isa = PBXFileReference; lastKnownFileType = file.storyboard; name = Base; path = Base.lproj/Main.storyboard; sourceTree = "<group>"; };
		F85C7233187C330700052B67 /* ViewController.h */ = {isa = PBXFileReference; lastKnownFileType = sourcecode.c.h; path = ViewController.h; sourceTree = "<group>"; };
		F85C7234187C330700052B67 /* ViewController.m */ = {isa = PBXFileReference; lastKnownFileType = sourcecode.c.objc; path = ViewController.m; sourceTree = "<group>"; };
		F85C7236187C330700052B67 /* Images.xcassets */ = {isa = PBXFileReference; lastKnownFileType = folder.assetcatalog; path = Images.xcassets; sourceTree = "<group>"; };
		F85C723C187C330700052B67 /* SlotMachineTests.xctest */ = {isa = PBXFileReference; explicitFileType = wrapper.cfbundle; includeInIndex = 0; path = SlotMachineTests.xctest; sourceTree = BUILT_PRODUCTS_DIR; };
		F85C723D187C330700052B67 /* XCTest.framework */ = {isa = PBXFileReference; lastKnownFileType = wrapper.framework; name = XCTest.framework; path = Library/Frameworks/XCTest.framework; sourceTree = DEVELOPER_DIR; };
		F85C7245187C330700052B67 /* SlotMachineTests-Info.plist */ = {isa = PBXFileReference; lastKnownFileType = text.plist.xml; path = "SlotMachineTests-Info.plist"; sourceTree = "<group>"; };
		F85C7247187C330700052B67 /* en */ = {isa = PBXFileReference; lastKnownFileType = text.plist.strings; name = en; path = en.lproj/InfoPlist.strings; sourceTree = "<group>"; };
		F85C7249187C330700052B67 /* SlotMachineTests.m */ = {isa = PBXFileReference; lastKnownFileType = sourcecode.c.objc; path = SlotMachineTests.m; sourceTree = "<group>"; };
/* End PBXFileReference section */

/* Begin PBXFrameworksBuildPhase section */
		F85C7218187C330700052B67 /* Frameworks */ = {
			isa = PBXFrameworksBuildPhase;
			buildActionMask = 2147483647;
			files = (
				F85C7221187C330700052B67 /* CoreGraphics.framework in Frameworks */,
				F85C7223187C330700052B67 /* UIKit.framework in Frameworks */,
				F85C721F187C330700052B67 /* Foundation.framework in Frameworks */,
			);
			runOnlyForDeploymentPostprocessing = 0;
		};
		F85C7239187C330700052B67 /* Frameworks */ = {
			isa = PBXFrameworksBuildPhase;
			buildActionMask = 2147483647;
			files = (
				F85C723E187C330700052B67 /* XCTest.framework in Frameworks */,
				F85C7240187C330700052B67 /* UIKit.framework in Frameworks */,
				F85C723F187C330700052B67 /* Foundation.framework in Frameworks */,
			);
			runOnlyForDeploymentPostprocessing = 0;
		};
/* End PBXFrameworksBuildPhase section */

/* Begin PBXGroup section */
		F85C7212187C330700052B67 = {
			isa = PBXGroup;
			children = (
				F85C7224187C330700052B67 /* SlotMachine */,
				F85C7243187C330700052B67 /* SlotMachineTests */,
				F85C721D187C330700052B67 /* Frameworks */,
				F85C721C187C330700052B67 /* Products */,
			);
			sourceTree = "<group>";
		};
		F85C721C187C330700052B67 /* Products */ = {
			isa = PBXGroup;
			children = (
				F85C721B187C330700052B67 /* SlotMachine.app */,
				F85C723C187C330700052B67 /* SlotMachineTests.xctest */,
			);
			name = Products;
			sourceTree = "<group>";
		};
		F85C721D187C330700052B67 /* Frameworks */ = {
			isa = PBXGroup;
			children = (
				F85C721E187C330700052B67 /* Foundation.framework */,
				F85C7220187C330700052B67 /* CoreGraphics.framework */,
				F85C7222187C330700052B67 /* UIKit.framework */,
				F85C723D187C330700052B67 /* XCTest.framework */,
			);
			name = Frameworks;
			sourceTree = "<group>";
		};
		F85C7224187C330700052B67 /* SlotMachine */ = {
			isa = PBXGroup;
			children = (
				F85C722D187C330700052B67 /* AppDelegate.h */,
				F85C722E187C330700052B67 /* AppDelegate.m */,
				F85C7230187C330700052B67 /* Main.storyboard */,
				F85C7233187C330700052B67 /* ViewController.h */,
				F85C7234187C330700052B67 /* ViewController.m */,
				F85C7236187C330700052B67 /* Images.xcassets */,
				F85C7225187C330700052B67 /* Supporting Files */,
			);
			path = SlotMachine;
			sourceTree = "<group>";
		};
		F85C7225187C330700052B67 /* Supporting Files */ = {
			isa = PBXGroup;
			children = (
				F85C7226187C330700052B67 /* SlotMachine-Info.plist */,
				F85C7227187C330700052B67 /* InfoPlist.strings */,
				F85C722A187C330700052B67 /* main.m */,
				F85C722C187C330700052B67 /* SlotMachine-Prefix.pch */,
			);
			name = "Supporting Files";
			sourceTree = "<group>";
		};
		F85C7243187C330700052B67 /* SlotMachineTests */ = {
			isa = PBXGroup;
			children = (
				F85C7249187C330700052B67 /* SlotMachineTests.m */,
				F85C7244187C330700052B67 /* Supporting Files */,
			);
			path = SlotMachineTests;
			sourceTree = "<group>";
		};
		F85C7244187C330700052B67 /* Supporting Files */ = {
			isa = PBXGroup;
			children = (
				F85C7245187C330700052B67 /* SlotMachineTests-Info.plist */,
				F85C7246187C330700052B67 /* InfoPlist.strings */,
			);
			name = "Supporting Files";
			sourceTree = "<group>";
		};
/* End PBXGroup section */

/* Begin PBXNativeTarget section */
		F85C721A187C330700052B67 /* SlotMachine */ = {
			isa = PBXNativeTarget;
			buildConfigurationList = F85C724D187C330700052B67 /* Build configuration list for PBXNativeTarget "SlotMachine" */;
			buildPhases = (
				F85C7217187C330700052B67 /* Sources */,
				F85C7218187C330700052B67 /* Frameworks */,
				F85C7219187C330700052B67 /* Resources */,
			);
			buildRules = (
			);
			dependencies = (
			);
			name = SlotMachine;
			productName = SlotMachine;
			productReference = F85C721B187C330700052B67 /* SlotMachine.app */;
			productType = "com.apple.product-type.application";
		};
		F85C723B187C330700052B67 /* SlotMachineTests */ = {
			isa = PBXNativeTarget;
			buildConfigurationList = F85C7250187C330700052B67 /* Build configuration list for PBXNativeTarget "SlotMachineTests" */;
			buildPhases = (
				F85C7238187C330700052B67 /* Sources */,
				F85C7239187C330700052B67 /* Frameworks */,
				F85C723A187C330700052B67 /* Resources */,
			);
			buildRules = (
			);
			dependencies = (
				F85C7242187C330700052B67 /* PBXTargetDependency */,
			);
			name = SlotMachineTests;
			productName = SlotMachineTests;
			productReference = F85C723C187C330700052B67 /* SlotMachineTests.xctest */;
			productType = "com.apple.product-type.bundle.unit-test";
		};
/* End PBXNativeTarget section */

/* Begin PBXProject section */
		F85C7213187C330700052B67 /* Project object */ = {
			isa = PBXProject;
			attributes = {
				LastUpgradeCheck = 0500;
				ORGANIZATIONNAME = "In Chung Yeul";
				TargetAttributes = {
					F85C723B187C330700052B67 = {
						TestTargetID = F85C721A187C330700052B67;
					};
				};
			};
			buildConfigurationList = F85C7216187C330700052B67 /* Build configuration list for PBXProject "SlotMachine" */;
			compatibilityVersion = "Xcode 3.2";
			developmentRegion = English;
			hasScannedForEncodings = 0;
			knownRegions = (
				en,
				Base,
			);
			mainGroup = F85C7212187C330700052B67;
			productRefGroup = F85C721C187C330700052B67 /* Products */;
			projectDirPath = "";
			projectRoot = "";
			targets = (
				F85C721A187C330700052B67 /* SlotMachine */,
				F85C723B187C330700052B67 /* SlotMachineTests */,
			);
		};
/* End PBXProject section */

/* Begin PBXResourcesBuildPhase section */
		F85C7219187C330700052B67 /* Resources */ = {
			isa = PBXResourcesBuildPhase;
			buildActionMask = 2147483647;
			files = (
				F85C7237187C330700052B67 /* Images.xcassets in Resources */,
				F85C7229187C330700052B67 /* InfoPlist.strings in Resources */,
				F85C7232187C330700052B67 /* Main.storyboard in Resources */,
			);
			runOnlyForDeploymentPostprocessing = 0;
		};
		F85C723A187C330700052B67 /* Resources */ = {
			isa = PBXResourcesBuildPhase;
			buildActionMask = 2147483647;
			files = (
				F85C7248187C330700052B67 /* InfoPlist.strings in Resources */,
			);
			runOnlyForDeploymentPostprocessing = 0;
		};
/* End PBXResourcesBuildPhase section */

/* Begin PBXSourcesBuildPhase section */
		F85C7217187C330700052B67 /* Sources */ = {
			isa = PBXSourcesBuildPhase;
			buildActionMask = 2147483647;
			files = (
				F85C7235187C330700052B67 /* ViewController.m in Sources */,
				F85C722F187C330700052B67 /* AppDelegate.m in Sources */,
				F85C722B187C330700052B67 /* main.m in Sources */,
			);
			runOnlyForDeploymentPostprocessing = 0;
		};
		F85C7238187C330700052B67 /* Sources */ = {
			isa = PBXSourcesBuildPhase;
			buildActionMask = 2147483647;
			files = (
				F85C724A187C330700052B67 /* SlotMachineTests.m in Sources */,
			);
			runOnlyForDeploymentPostprocessing = 0;
		};
/* End PBXSourcesBuildPhase section */

/* Begin PBXTargetDependency section */
		F85C7242187C330700052B67 /* PBXTargetDependency */ = {
			isa = PBXTargetDependency;
			target = F85C721A187C330700052B67 /* SlotMachine */;
			targetProxy = F85C7241187C330700052B67 /* PBXContainerItemProxy */;
		};
/* End PBXTargetDependency section */

/* Begin PBXVariantGroup section */
		F85C7227187C330700052B67 /* InfoPlist.strings */ = {
			isa = PBXVariantGroup;
			children = (
				F85C7228187C330700052B67 /* en */,
			);
			name = InfoPlist.strings;
			sourceTree = "<group>";
		};
		F85C7230187C330700052B67 /* Main.storyboard */ = {
			isa = PBXVariantGroup;
			children = (
				F85C7231187C330700052B67 /* Base */,
			);
			name = Main.storyboard;
			sourceTree = "<group>";
		};
		F85C7246187C330700052B67 /* InfoPlist.strings */ = {
			isa = PBXVariantGroup;
			children = (
				F85C7247187C330700052B67 /* en */,
			);
			name = InfoPlist.strings;
			sourceTree = "<group>";
		};
/* End PBXVariantGroup section */

/* Begin XCBuildConfiguration section */
		F85C724B187C330700052B67 /* Debug */ = {
			isa = XCBuildConfiguration;
			buildSettings = {
				ALWAYS_SEARCH_USER_PATHS = NO;
				ARCHS = "$(ARCHS_STANDARD_INCLUDING_64_BIT)";
				CLANG_CXX_LANGUAGE_STANDARD = "gnu++0x";
				CLANG_CXX_LIBRARY = "libc++";
				CLANG_ENABLE_MODULES = YES;
				CLANG_ENABLE_OBJC_ARC = YES;
				CLANG_WARN_BOOL_CONVERSION = YES;
				CLANG_WARN_CONSTANT_CONVERSION = YES;
				CLANG_WARN_DIRECT_OBJC_ISA_USAGE = YES_ERROR;
				CLANG_WARN_EMPTY_BODY = YES;
				CLANG_WARN_ENUM_CONVERSION = YES;
				CLANG_WARN_INT_CONVERSION = YES;
				CLANG_WARN_OBJC_ROOT_CLASS = YES_ERROR;
				CLANG_WARN__DUPLICATE_METHOD_MATCH = YES;
				"CODE_SIGN_IDENTITY[sdk=iphoneos*]" = "iPhone Developer";
				COPY_PHASE_STRIP = NO;
				GCC_C_LANGUAGE_STANDARD = gnu99;
				GCC_DYNAMIC_NO_PIC = NO;
				GCC_OPTIMIZATION_LEVEL = 0;
				GCC_PREPROCESSOR_DEFINITIONS = (
					"DEBUG=1",
					"$(inherited)",
				);
				GCC_SYMBOLS_PRIVATE_EXTERN = NO;
				GCC_WARN_64_TO_32_BIT_CONVERSION = YES;
				GCC_WARN_ABOUT_RETURN_TYPE = YES_ERROR;
				GCC_WARN_UNDECLARED_SELECTOR = YES;
				GCC_WARN_UNINITIALIZED_AUTOS = YES;
				GCC_WARN_UNUSED_FUNCTION = YES;
				GCC_WARN_UNUSED_VARIABLE = YES;
				IPHONEOS_DEPLOYMENT_TARGET = 7.0;
				ONLY_ACTIVE_ARCH = YES;
				SDKROOT = iphoneos;
			};
			name = Debug;
		};
		F85C724C187C330700052B67 /* Release */ = {
			isa = XCBuildConfiguration;
			buildSettings = {
				ALWAYS_SEARCH_USER_PATHS = NO;
				ARCHS = "$(ARCHS_STANDARD_INCLUDING_64_BIT)";
				CLANG_CXX_LANGUAGE_STANDARD = "gnu++0x";
				CLANG_CXX_LIBRARY = "libc++";
				CLANG_ENABLE_MODULES = YES;
				CLANG_ENABLE_OBJC_ARC = YES;
				CLANG_WARN_BOOL_CONVERSION = YES;
				CLANG_WARN_CONSTANT_CONVERSION = YES;
				CLANG_WARN_DIRECT_OBJC_ISA_USAGE = YES_ERROR;
				CLANG_WARN_EMPTY_BODY = YES;
				CLANG_WARN_ENUM_CONVERSION = YES;
				CLANG_WARN_INT_CONVERSION = YES;
				CLANG_WARN_OBJC_ROOT_CLASS = YES_ERROR;
				CLANG_WARN__DUPLICATE_METHOD_MATCH = YES;
				"CODE_SIGN_IDENTITY[sdk=iphoneos*]" = "iPhone Developer";
				COPY_PHASE_STRIP = YES;
				ENABLE_NS_ASSERTIONS = NO;
				GCC_C_LANGUAGE_STANDARD = gnu99;
				GCC_WARN_64_TO_32_BIT_CONVERSION = YES;
				GCC_WARN_ABOUT_RETURN_TYPE = YES_ERROR;
				GCC_WARN_UNDECLARED_SELECTOR = YES;
				GCC_WARN_UNINITIALIZED_AUTOS = YES;
				GCC_WARN_UNUSED_FUNCTION = YES;
				GCC_WARN_UNUSED_VARIABLE = YES;
				IPHONEOS_DEPLOYMENT_TARGET = 7.0;
				SDKROOT = iphoneos;
				VALIDATE_PRODUCT = YES;
			};
			name = Release;
		};
		F85C724E187C330700052B67 /* Debug */ = {
			isa = XCBuildConfiguration;
			buildSettings = {
				ASSETCATALOG_COMPILER_APPICON_NAME = AppIcon;
				ASSETCATALOG_COMPILER_LAUNCHIMAGE_NAME = LaunchImage;
				GCC_PRECOMPILE_PREFIX_HEADER = YES;
				GCC_PREFIX_HEADER = "SlotMachine/SlotMachine-Prefix.pch";
				INFOPLIST_FILE = "SlotMachine/SlotMachine-Info.plist";
				PRODUCT_NAME = "$(TARGET_NAME)";
				WRAPPER_EXTENSION = app;
			};
			name = Debug;
		};
		F85C724F187C330700052B67 /* Release */ = {
			isa = XCBuildConfiguration;
			buildSettings = {
				ASSETCATALOG_COMPILER_APPICON_NAME = AppIcon;
				ASSETCATALOG_COMPILER_LAUNCHIMAGE_NAME = LaunchImage;
				GCC_PRECOMPILE_PREFIX_HEADER = YES;
				GCC_PREFIX_HEADER = "SlotMachine/SlotMachine-Prefix.pch";
				INFOPLIST_FILE = "SlotMachine/SlotMachine-Info.plist";
				PRODUCT_NAME = "$(TARGET_NAME)";
				WRAPPER_EXTENSION = app;
			};
			name = Release;
		};
		F85C7251187C330700052B67 /* Debug */ = {
			isa = XCBuildConfiguration;
			buildSettings = {
				ARCHS = "$(ARCHS_STANDARD_INCLUDING_64_BIT)";
				BUNDLE_LOADER = "$(BUILT_PRODUCTS_DIR)/SlotMachine.app/SlotMachine";
				FRAMEWORK_SEARCH_PATHS = (
					"$(SDKROOT)/Developer/Library/Frameworks",
					"$(inherited)",
					"$(DEVELOPER_FRAMEWORKS_DIR)",
				);
				GCC_PRECOMPILE_PREFIX_HEADER = YES;
				GCC_PREFIX_HEADER = "SlotMachine/SlotMachine-Prefix.pch";
				GCC_PREPROCESSOR_DEFINITIONS = (
					"DEBUG=1",
					"$(inherited)",
				);
				INFOPLIST_FILE = "SlotMachineTests/SlotMachineTests-Info.plist";
				PRODUCT_NAME = "$(TARGET_NAME)";
				TEST_HOST = "$(BUNDLE_LOADER)";
				WRAPPER_EXTENSION = xctest;
			};
			name = Debug;
		};
		F85C7252187C330700052B67 /* Release */ = {
			isa = XCBuildConfiguration;
			buildSettings = {
				ARCHS = "$(ARCHS_STANDARD_INCLUDING_64_BIT)";
				BUNDLE_LOADER = "$(BUILT_PRODUCTS_DIR)/SlotMachine.app/SlotMachine";
				FRAMEWORK_SEARCH_PATHS = (
					"$(SDKROOT)/Developer/Library/Frameworks",
					"$(inherited)",
					"$(DEVELOPER_FRAMEWORKS_DIR)",
				);
				GCC_PRECOMPILE_PREFIX_HEADER = YES;
				GCC_PREFIX_HEADER = "SlotMachine/SlotMachine-Prefix.pch";
				INFOPLIST_FILE = "SlotMachineTests/SlotMachineTests-Info.plist";
				PRODUCT_NAME = "$(TARGET_NAME)";
				TEST_HOST = "$(BUNDLE_LOADER)";
				WRAPPER_EXTENSION = xctest;
			};
			name = Release;
		};
/* End XCBuildConfiguration section */

/* Begin XCConfigurationList section */
		F85C7216187C330700052B67 /* Build configuration list for PBXProject "SlotMachine" */ = {
			isa = XCConfigurationList;
			buildConfigurations = (
				F85C724B187C330700052B67 /* Debug */,
				F85C724C187C330700052B67 /* Release */,
			);
			defaultConfigurationIsVisible = 0;
			defaultConfigurationName = Release;
		};
		F85C724D187C330700052B67 /* Build configuration list for PBXNativeTarget "SlotMachine" */ = {
			isa = XCConfigurationList;
			buildConfigurations = (
				F85C724E187C330700052B67 /* Debug */,
				F85C724F187C330700052B67 /* Release */,
			);
			defaultConfigurationIsVisible = 0;
		};
		F85C7250187C330700052B67 /* Build configuration list for PBXNativeTarget "SlotMachineTests" */ = {
			isa = XCConfigurationList;
			buildConfigurations = (
				F85C7251187C330700052B67 /* Debug */,
				F85C7252187C330700052B67 /* Release */,
			);
			defaultConfigurationIsVisible = 0;
		};
/* End XCConfigurationList section */
	};
	rootObject = F85C7213187C330700052B67 /* Project object */;
}
